
Microsoft Visual Studio Solution File, Format Version 12.00
# Visual Studio Version 17
VisualStudioVersion = 17.1.32328.378
MinimumVisualStudioVersion = 10.0.40219.1
Project("{2150E333-8FDC-42A3-9474-1A3956D46DE8}") = "NCHE", "NCHE", "{C75DDCF1-F9C1-4D97-9BE9-2BB3FD7CBDC0}"
EndProject
Project("{2150E333-8FDC-42A3-9474-1A3956D46DE8}") = "Application", "Application", "{5A840694-1BD3-42EB-9BB0-0EA81BEB7855}"
EndProject
Project("{2150E333-8FDC-42A3-9474-1A3956D46DE8}") = "Presentation", "Presentation", "{7288415F-3792-4EAC-9BA4-6D3181827349}"
EndProject
Project("{2150E333-8FDC-42A3-9474-1A3956D46DE8}") = "Infrastructure", "Infrastructure", "{AA24BC90-C7C0-4DF8-9918-C99FD347BF29}"
EndProject
Project("{2150E333-8FDC-42A3-9474-1A3956D46DE8}") = "Testing", "Testing", "{18DD5F40-A00C-427E-BE8B-C4281EF654C4}"
EndProject
Project("{FAE04EC0-301F-11D3-BF4B-00C04F79EFBC}") = "VasMicroservices.NCHE.Application", "VasMicroservices.NCHE.Application\VasMicroservices.NCHE.Application.csproj", "{4BE5D983-BFFE-4E63-BE2E-89F46B3045E2}"
EndProject
Project("{2150E333-8FDC-42A3-9474-1A3956D46DE8}") = "Data", "Data", "{B6CB784F-315E-4AC3-99A0-F6A4477CCDCE}"
EndProject
Project("{2150E333-8FDC-42A3-9474-1A3956D46DE8}") = "IoC", "IoC", "{1D995DA3-8527-4728-8D89-4DBDAA560C2E}"
EndProject
Project("{2150E333-8FDC-42A3-9474-1A3956D46DE8}") = "Api", "Api", "{A396CA55-5E01-4E82-A7EE-2FB12BB8AC9A}"
EndProject
Project("{FAE04EC0-301F-11D3-BF4B-00C04F79EFBC}") = "VasMicroservices.NCHE.Infra.Data", "VasMicroservices.NCHE.Infra.Data\VasMicroservices.NCHE.Infra.Data.csproj", "{8D9BDE2D-B999-4836-B2E2-4930C97C1189}"
EndProject
Project("{FAE04EC0-301F-11D3-BF4B-00C04F79EFBC}") = "VasMicroservices.NCHE.Infra.IoC", "VasMicroservices.NCHE.Infra.IoC\VasMicroservices.NCHE.Infra.IoC.csproj", "{B1DB74A2-9863-4F53-8A65-4511B16337FF}"
EndProject
Project("{FAE04EC0-301F-11D3-BF4B-00C04F79EFBC}") = "VasMicroservices.NCHE.Presentation.Api", "VasMicroservices.NCHE.Presentation.Api\VasMicroservices.NCHE.Presentation.Api.csproj", "{1B128E2B-9E00-42E4-B296-554BC0D416ED}"
EndProject
Project("{FAE04EC0-301F-11D3-BF4B-00C04F79EFBC}") = "NCHE.Application.Test", "NCHE.Application.Test\NCHE.Application.Test.csproj", "{FD765F42-0261-478B-9BA2-EB1335321438}"
EndProject
Project("{FAE04EC0-301F-11D3-BF4B-00C04F79EFBC}") = "NCHE.Controller.Test", "NCHE.Controller.Test\NCHE.Controller.Test.csproj", "{250FCFB0-3786-4B08-9348-D043B9E583C7}"
EndProject
Project("{FAE04EC0-301F-11D3-BF4B-00C04F79EFBC}") = "NCHE.Test.Common", "NCHE.Test.Common\NCHE.Test.Common.csproj", "{5B0152F5-3F30-43EA-8DC0-4164ACA932D7}"
EndProject
Global
	GlobalSection(SolutionConfigurationPlatforms) = preSolution
		Debug|Any CPU = Debug|Any CPU
		Release|Any CPU = Release|Any CPU
	EndGlobalSection
	GlobalSection(ProjectConfigurationPlatforms) = postSolution
		{4BE5D983-BFFE-4E63-BE2E-89F46B3045E2}.Debug|Any CPU.ActiveCfg = Debug|Any CPU
		{4BE5D983-BFFE-4E63-BE2E-89F46B3045E2}.Debug|Any CPU.Build.0 = Debug|Any CPU
		{4BE5D983-BFFE-4E63-BE2E-89F46B3045E2}.Release|Any CPU.ActiveCfg = Release|Any CPU
		{4BE5D983-BFFE-4E63-BE2E-89F46B3045E2}.Release|Any CPU.Build.0 = Release|Any CPU
		{8D9BDE2D-B999-4836-B2E2-4930C97C1189}.Debug|Any CPU.ActiveCfg = Debug|Any CPU
		{8D9BDE2D-B999-4836-B2E2-4930C97C1189}.Debug|Any CPU.Build.0 = Debug|Any CPU
		{8D9BDE2D-B999-4836-B2E2-4930C97C1189}.Release|Any CPU.ActiveCfg = Release|Any CPU
		{8D9BDE2D-B999-4836-B2E2-4930C97C1189}.Release|Any CPU.Build.0 = Release|Any CPU
		{B1DB74A2-9863-4F53-8A65-4511B16337FF}.Debug|Any CPU.ActiveCfg = Debug|Any CPU
		{B1DB74A2-9863-4F53-8A65-4511B16337FF}.Debug|Any CPU.Build.0 = Debug|Any CPU
		{B1DB74A2-9863-4F53-8A65-4511B16337FF}.Release|Any CPU.ActiveCfg = Release|Any CPU
		{B1DB74A2-9863-4F53-8A65-4511B16337FF}.Release|Any CPU.Build.0 = Release|Any CPU
		{1B128E2B-9E00-42E4-B296-554BC0D416ED}.Debug|Any CPU.ActiveCfg = Debug|Any CPU
		{1B128E2B-9E00-42E4-B296-554BC0D416ED}.Debug|Any CPU.Build.0 = Debug|Any CPU
		{1B128E2B-9E00-42E4-B296-554BC0D416ED}.Release|Any CPU.ActiveCfg = Release|Any CPU
		{1B128E2B-9E00-42E4-B296-554BC0D416ED}.Release|Any CPU.Build.0 = Release|Any CPU
		{FD765F42-0261-478B-9BA2-EB1335321438}.Debug|Any CPU.ActiveCfg = Debug|Any CPU
		{FD765F42-0261-478B-9BA2-EB1335321438}.Debug|Any CPU.Build.0 = Debug|Any CPU
		{FD765F42-0261-478B-9BA2-EB1335321438}.Release|Any CPU.ActiveCfg = Release|Any CPU
		{FD765F42-0261-478B-9BA2-EB1335321438}.Release|Any CPU.Build.0 = Release|Any CPU
		{250FCFB0-3786-4B08-9348-D043B9E583C7}.Debug|Any CPU.ActiveCfg = Debug|Any CPU
		{250FCFB0-3786-4B08-9348-D043B9E583C7}.Debug|Any CPU.Build.0 = Debug|Any CPU
		{250FCFB0-3786-4B08-9348-D043B9E583C7}.Release|Any CPU.ActiveCfg = Release|Any CPU
		{250FCFB0-3786-4B08-9348-D043B9E583C7}.Release|Any CPU.Build.0 = Release|Any CPU
		{5B0152F5-3F30-43EA-8DC0-4164ACA932D7}.Debug|Any CPU.ActiveCfg = Debug|Any CPU
		{5B0152F5-3F30-43EA-8DC0-4164ACA932D7}.Debug|Any CPU.Build.0 = Debug|Any CPU
		{5B0152F5-3F30-43EA-8DC0-4164ACA932D7}.Release|Any CPU.ActiveCfg = Release|Any CPU
		{5B0152F5-3F30-43EA-8DC0-4164ACA932D7}.Release|Any CPU.Build.0 = Release|Any CPU
	EndGlobalSection
	GlobalSection(SolutionProperties) = preSolution
		HideSolutionNode = FALSE
	EndGlobalSection
	GlobalSection(NestedProjects) = preSolution
		{5A840694-1BD3-42EB-9BB0-0EA81BEB7855} = {C75DDCF1-F9C1-4D97-9BE9-2BB3FD7CBDC0}
		{7288415F-3792-4EAC-9BA4-6D3181827349} = {C75DDCF1-F9C1-4D97-9BE9-2BB3FD7CBDC0}
		{AA24BC90-C7C0-4DF8-9918-C99FD347BF29} = {C75DDCF1-F9C1-4D97-9BE9-2BB3FD7CBDC0}
		{18DD5F40-A00C-427E-BE8B-C4281EF654C4} = {C75DDCF1-F9C1-4D97-9BE9-2BB3FD7CBDC0}
		{4BE5D983-BFFE-4E63-BE2E-89F46B3045E2} = {5A840694-1BD3-42EB-9BB0-0EA81BEB7855}
		{B6CB784F-315E-4AC3-99A0-F6A4477CCDCE} = {AA24BC90-C7C0-4DF8-9918-C99FD347BF29}
		{1D995DA3-8527-4728-8D89-4DBDAA560C2E} = {AA24BC90-C7C0-4DF8-9918-C99FD347BF29}
		{A396CA55-5E01-4E82-A7EE-2FB12BB8AC9A} = {7288415F-3792-4EAC-9BA4-6D3181827349}
		{8D9BDE2D-B999-4836-B2E2-4930C97C1189} = {B6CB784F-315E-4AC3-99A0-F6A4477CCDCE}
		{B1DB74A2-9863-4F53-8A65-4511B16337FF} = {1D995DA3-8527-4728-8D89-4DBDAA560C2E}
		{1B128E2B-9E00-42E4-B296-554BC0D416ED} = {A396CA55-5E01-4E82-A7EE-2FB12BB8AC9A}
		{FD765F42-0261-478B-9BA2-EB1335321438} = {18DD5F40-A00C-427E-BE8B-C4281EF654C4}
		{250FCFB0-3786-4B08-9348-D043B9E583C7} = {18DD5F40-A00C-427E-BE8B-C4281EF654C4}
		{5B0152F5-3F30-43EA-8DC0-4164ACA932D7} = {18DD5F40-A00C-427E-BE8B-C4281EF654C4}
	EndGlobalSection
	GlobalSection(ExtensibilityGlobals) = postSolution
		SolutionGuid = {AA9216EF-BFB3-490D-940E-10421347BB95}
	EndGlobalSection
EndGlobal
